Microsoft Visual Studio Solution File, Format Version 12.00
# Visual Studio Version 17

Project("{FAE04EC0-301F-11D3-BF4B-00C04F79EFBC}") = "Bite.BuildingBlocks", "src\BuildingBlocks\Bite.BuildingBlocks\Bite.BuildingBlocks.csproj", "{B0000001-0000-0000-0000-000000000001}"
EndProject
Project("{FAE04EC0-301F-11D3-BF4B-00C04F79EFBC}") = "Bite.Gateway", "src\Gateway\Bite.Gateway\Bite.Gateway.csproj", "{B0000002-0000-0000-0000-000000000002}"
EndProject
Project("{FAE04EC0-301F-11D3-BF4B-00C04F79EFBC}") = "Bite.Identity.Api", "src\Identity\Bite.Identity.Api\Bite.Identity.Api.csproj", "{B0000003-0000-0000-0000-000000000003}"
EndProject
Project("{FAE04EC0-301F-11D3-BF4B-00C04F79EFBC}") = "Bite.Restaurant.Api", "src\Restaurant\Bite.Restaurant.Api\Bite.Restaurant.Api.csproj", "{B0000004-0000-0000-0000-000000000004}"
EndProject
Project("{FAE04EC0-301F-11D3-BF4B-00C04F79EFBC}") = "Bite.Reservation.Api", "src\Reservation\Bite.Reservation.Api\Bite.Reservation.Api.csproj", "{B0000005-0000-0000-0000-000000000005}"
EndProject
Project("{FAE04EC0-301F-11D3-BF4B-00C04F79EFBC}") = "Bite.OrderKitchen.Api", "src\OrderKitchen\Bite.OrderKitchen.Api\Bite.OrderKitchen.Api.csproj", "{B0000006-0000-0000-0000-000000000006}"
EndProject
Project("{FAE04EC0-301F-11D3-BF4B-00C04F79EFBC}") = "Bite.Payment.Api", "src\Payment\Bite.Payment.Api\Bite.Payment.Api.csproj", "{B0000007-0000-0000-0000-000000000007}"
EndProject
Project("{FAE04EC0-301F-11D3-BF4B-00C04F79EFBC}") = "Bite.Delivery.Api", "src\Delivery\Bite.Delivery.Api\Bite.Delivery.Api.csproj", "{B0000008-0000-0000-0000-000000000008}"
EndProject
Project("{FAE04EC0-301F-11D3-BF4B-00C04F79EFBC}") = "Bite.Notification.Api", "src\Notification\Bite.Notification.Api\Bite.Notification.Api.csproj", "{B0000009-0000-0000-0000-000000000009}"
EndProject
Global
  GlobalSection(SolutionConfigurationPlatforms) = preSolution
    Debug|Any CPU = Debug|Any CPU
    Release|Any CPU = Release|Any CPU
  EndGlobalSection
  GlobalSection(ProjectConfigurationPlatforms) = postSolution
    {B0000001-0000-0000-0000-000000000001}.Debug|Any CPU.ActiveCfg = Debug|Any CPU
    {B0000001-0000-0000-0000-000000000001}.Debug|Any CPU.Build.0 = Debug|Any CPU
    {B0000001-0000-0000-0000-000000000001}.Release|Any CPU.ActiveCfg = Release|Any CPU
    {B0000001-0000-0000-0000-000000000001}.Release|Any CPU.Build.0 = Release|Any CPU
    {B0000002-0000-0000-0000-000000000002}.Debug|Any CPU.ActiveCfg = Debug|Any CPU
    {B0000002-0000-0000-0000-000000000002}.Debug|Any CPU.Build.0 = Debug|Any CPU
    {B0000002-0000-0000-0000-000000000002}.Release|Any CPU.ActiveCfg = Release|Any CPU
    {B0000002-0000-0000-0000-000000000002}.Release|Any CPU.Build.0 = Release|Any CPU
    {B0000003-0000-0000-0000-000000000003}.Debug|Any CPU.ActiveCfg = Debug|Any CPU
    {B0000003-0000-0000-0000-000000000003}.Debug|Any CPU.Build.0 = Debug|Any CPU
    {B0000003-0000-0000-0000-000000000003}.Release|Any CPU.ActiveCfg = Release|Any CPU
    {B0000003-0000-0000-0000-000000000003}.Release|Any CPU.Build.0 = Release|Any CPU
    {B0000004-0000-0000-0000-000000000004}.Debug|Any CPU.ActiveCfg = Debug|Any CPU
    {B0000004-0000-0000-0000-000000000004}.Debug|Any CPU.Build.0 = Debug|Any CPU
    {B0000004-0000-0000-0000-000000000004}.Release|Any CPU.ActiveCfg = Release|Any CPU
    {B0000004-0000-0000-0000-000000000004}.Release|Any CPU.Build.0 = Release|Any CPU
    {B0000005-0000-0000-0000-000000000005}.Debug|Any CPU.ActiveCfg = Debug|Any CPU
    {B0000005-0000-0000-0000-000000000005}.Debug|Any CPU.Build.0 = Debug|Any CPU
    {B0000005-0000-0000-0000-000000000005}.Release|Any CPU.ActiveCfg = Release|Any CPU
    {B0000005-0000-0000-0000-000000000005}.Release|Any CPU.Build.0 = Release|Any CPU
    {B0000006-0000-0000-0000-000000000006}.Debug|Any CPU.ActiveCfg = Debug|Any CPU
    {B0000006-0000-0000-0000-000000000006}.Debug|Any CPU.Build.0 = Debug|Any CPU
    {B0000006-0000-0000-0000-000000000006}.Release|Any CPU.ActiveCfg = Release|Any CPU
    {B0000006-0000-0000-0000-000000000006}.Release|Any CPU.Build.0 = Release|Any CPU
    {B0000007-0000-0000-0000-000000000007}.Debug|Any CPU.ActiveCfg = Debug|Any CPU
    {B0000007-0000-0000-0000-000000000007}.Debug|Any CPU.Build.0 = Debug|Any CPU
    {B0000007-0000-0000-0000-000000000007}.Release|Any CPU.ActiveCfg = Release|Any CPU
    {B0000007-0000-0000-0000-000000000007}.Release|Any CPU.Build.0 = Release|Any CPU
    {B0000008-0000-0000-0000-000000000008}.Debug|Any CPU.ActiveCfg = Debug|Any CPU
    {B0000008-0000-0000-0000-000000000008}.Debug|Any CPU.Build.0 = Debug|Any CPU
    {B0000008-0000-0000-0000-000000000008}.Release|Any CPU.ActiveCfg = Release|Any CPU
    {B0000008-0000-0000-0000-000000000008}.Release|Any CPU.Build.0 = Release|Any CPU
    {B0000009-0000-0000-0000-000000000009}.Debug|Any CPU.ActiveCfg = Debug|Any CPU
    {B0000009-0000-0000-0000-000000000009}.Debug|Any CPU.Build.0 = Debug|Any CPU
    {B0000009-0000-0000-0000-000000000009}.Release|Any CPU.ActiveCfg = Release|Any CPU
    {B0000009-0000-0000-0000-000000000009}.Release|Any CPU.Build.0 = Release|Any CPU
  EndGlobalSection
EndGlobal
